
Microsoft Visual Studio Solution File, Format Version 12.00
# Visual Studio Version 17
VisualStudioVersion = 17.8.34309.116
MinimumVisualStudioVersion = 10.0.40219.1
Project("{FAE04EC0-301F-11D3-BF4B-00C04F79EFBC}") = "AOC2023", "AOC2023.csproj", "{7B125F4E-075F-401D-9DBF-AC41A7E843B5}"
EndProject
Global
	GlobalSection(SolutionConfigurationPlatforms) = preSolution
		Debug|Any CPU = Debug|Any CPU
		Release|Any CPU = Release|Any CPU
	EndGlobalSection
	GlobalSection(ProjectConfigurationPlatforms) = postSolution
		{7B125F4E-075F-401D-9DBF-AC41A7E843B5}.Debug|Any CPU.ActiveCfg = Debug|Any CPU
		{7B125F4E-075F-401D-9DBF-AC41A7E843B5}.Debug|Any CPU.Build.0 = Debug|Any CPU
		{7B125F4E-075F-401D-9DBF-AC41A7E843B5}.Release|Any CPU.ActiveCfg = Release|Any CPU
		{7B125F4E-075F-401D-9DBF-AC41A7E843B5}.Release|Any CPU.Build.0 = Release|Any CPU
	EndGlobalSection
	GlobalSection(SolutionProperties) = preSolution
		HideSolutionNode = FALSE
	EndGlobalSection
	GlobalSection(ExtensibilityGlobals) = postSolution
		SolutionGuid = {F53B6AB4-253B-47B6-9D40-9209D1182461}
	EndGlobalSection
EndGlobal
